
Microsoft Visual Studio Solution File, Format Version 12.00
# Visual Studio Version 16
VisualStudioVersion = 16.0.31624.102
MinimumVisualStudioVersion = 10.0.40219.1
Project("{FAE04EC0-301F-11D3-BF4B-00C04F79EFBC}") = "CsharpExcercise", "CsharpExcercise.csproj", "{8EFB51D4-F413-4474-9852-6AD75B305806}"
EndProject
Project("{FAE04EC0-301F-11D3-BF4B-00C04F79EFBC}") = "CsharpExcerciseTests", "..\CsharpExcerciseTests\CsharpExcerciseTests.csproj", "{76D85292-6B6A-4E96-B015-BC3BED75773D}"
EndProject
Global
	GlobalSection(SolutionConfigurationPlatforms) = preSolution
		Debug|Any CPU = Debug|Any CPU
		Release|Any CPU = Release|Any CPU
	EndGlobalSection
	GlobalSection(ProjectConfigurationPlatforms) = postSolution
		{8EFB51D4-F413-4474-9852-6AD75B305806}.Debug|Any CPU.ActiveCfg = Debug|Any CPU
		{8EFB51D4-F413-4474-9852-6AD75B305806}.Debug|Any CPU.Build.0 = Debug|Any CPU
		{8EFB51D4-F413-4474-9852-6AD75B305806}.Release|Any CPU.ActiveCfg = Release|Any CPU
		{8EFB51D4-F413-4474-9852-6AD75B305806}.Release|Any CPU.Build.0 = Release|Any CPU
		{76D85292-6B6A-4E96-B015-BC3BED75773D}.Debug|Any CPU.ActiveCfg = Debug|Any CPU
		{76D85292-6B6A-4E96-B015-BC3BED75773D}.Debug|Any CPU.Build.0 = Debug|Any CPU
		{76D85292-6B6A-4E96-B015-BC3BED75773D}.Release|Any CPU.ActiveCfg = Release|Any CPU
		{76D85292-6B6A-4E96-B015-BC3BED75773D}.Release|Any CPU.Build.0 = Release|Any CPU
	EndGlobalSection
	GlobalSection(SolutionProperties) = preSolution
		HideSolutionNode = FALSE
	EndGlobalSection
	GlobalSection(ExtensibilityGlobals) = postSolution
		SolutionGuid = {FE67AED8-2556-42DC-910C-4E959536457C}
	EndGlobalSection
EndGlobal
